// !$*UTF8*$!
{
	archiveVersion = 1;
	classes = {
	};
	objectVersion = 46;
	objects = {

/* Begin PBXBuildFile section */
		6E42DD831C54C9E900AECFE0 /* AppDelegate.swift in Sources */ = {isa = PBXBuildFile; fileRef = 6E42DD821C54C9E900AECFE0 /* AppDelegate.swift */; };
		6E42DD851C54C9E900AECFE0 /* ViewController.swift in Sources */ = {isa = PBXBuildFile; fileRef = 6E42DD841C54C9E900AECFE0 /* ViewController.swift */; };
		6E42DD881C54C9E900AECFE0 /* Main.storyboard in Resources */ = {isa = PBXBuildFile; fileRef = 6E42DD861C54C9E900AECFE0 /* Main.storyboard */; };
		6E42DD8A1C54C9E900AECFE0 /* Assets.xcassets in Resources */ = {isa = PBXBuildFile; fileRef = 6E42DD891C54C9E900AECFE0 /* Assets.xcassets */; };
		6E42DD8D1C54C9E900AECFE0 /* LaunchScreen.storyboard in Resources */ = {isa = PBXBuildFile; fileRef = 6E42DD8B1C54C9E900AECFE0 /* LaunchScreen.storyboard */; };
		6E42DD971C54F1BD00AECFE0 /* ColorCell.swift in Sources */ = {isa = PBXBuildFile; fileRef = 6E42DD961C54F1BD00AECFE0 /* ColorCell.swift */; };
		6E42DD991C54F51400AECFE0 /* StringToColor.swift in Sources */ = {isa = PBXBuildFile; fileRef = 6E42DD981C54F51400AECFE0 /* StringToColor.swift */; };
		6E42DD9B1C54F6BB00AECFE0 /* ColorTableViewController.swift in Sources */ = {isa = PBXBuildFile; fileRef = 6E42DD9A1C54F6BB00AECFE0 /* ColorTableViewController.swift */; };
/* End PBXBuildFile section */

/* Begin PBXFileReference section */
		6E42DD7F1C54C9E900AECFE0 /* ColorClock.app */ = {isa = PBXFileReference; explicitFileType = wrapper.application; includeInIndex = 0; path = ColorClock.app; sourceTree = BUILT_PRODUCTS_DIR; };
		6E42DD821C54C9E900AECFE0 /* AppDelegate.swift */ = {isa = PBXFileReference; lastKnownFileType = sourcecode.swift; path = AppDelegate.swift; sourceTree = "<group>"; };
		6E42DD841C54C9E900AECFE0 /* ViewController.swift */ = {isa = PBXFileReference; lastKnownFileType = sourcecode.swift; path = ViewController.swift; sourceTree = "<group>"; };
		6E42DD871C54C9E900AECFE0 /* Base */ = {isa = PBXFileReference; lastKnownFileType = file.storyboard; name = Base; path = Base.lproj/Main.storyboard; sourceTree = "<group>"; };
		6E42DD891C54C9E900AECFE0 /* Assets.xcassets */ = {isa = PBXFileReference; lastKnownFileType = folder.assetcatalog; path = Assets.xcassets; sourceTree = "<group>"; };
		6E42DD8C1C54C9E900AECFE0 /* Base */ = {isa = PBXFileReference; lastKnownFileType = file.storyboard; name = Base; path = Base.lproj/LaunchScreen.storyboard; sourceTree = "<group>"; };
		6E42DD8E1C54C9E900AECFE0 /* Info.plist */ = {isa = PBXFileReference; lastKnownFileType = text.plist.xml; path = Info.plist; sourceTree = "<group>"; };
		6E42DD961C54F1BD00AECFE0 /* ColorCell.swift */ = {isa = PBXFileReference; fileEncoding = 4; lastKnownFileType = sourcecode.swift; name = ColorCell.swift; path = ../ColorCell.swift; sourceTree = "<group>"; };
		6E42DD981C54F51400AECFE0 /* StringToColor.swift */ = {isa = PBXFileReference; fileEncoding = 4; lastKnownFileType = sourcecode.swift; path = StringToColor.swift; sourceTree = "<group>"; };
		6E42DD9A1C54F6BB00AECFE0 /* ColorTableViewController.swift */ = {isa = PBXFileReference; fileEncoding = 4; lastKnownFileType = sourcecode.swift; path = ColorTableViewController.swift; sourceTree = "<group>"; };
/* End PBXFileReference section */

/* Begin PBXFrameworksBuildPhase section */
		6E42DD7C1C54C9E900AECFE0 /* Frameworks */ = {
			isa = PBXFrameworksBuildPhase;
			buildActionMask = 2147483647;
			files = (
			);
			runOnlyForDeploymentPostprocessing = 0;
		};
/* End PBXFrameworksBuildPhase section */

/* Begin PBXGroup section */
		6E42DD761C54C9E900AECFE0 = {
			isa = PBXGroup;
			children = (
				6E42DD811C54C9E900AECFE0 /* ColorClock */,
				6E42DD801C54C9E900AECFE0 /* Products */,
			);
			sourceTree = "<group>";
		};
		6E42DD801C54C9E900AECFE0 /* Products */ = {
			isa = PBXGroup;
			children = (
				6E42DD7F1C54C9E900AECFE0 /* ColorClock.app */,
			);
			name = Products;
			sourceTree = "<group>";
		};
		6E42DD811C54C9E900AECFE0 /* ColorClock */ = {
			isa = PBXGroup;
			children = (
				6E42DD961C54F1BD00AECFE0 /* ColorCell.swift */,
				6E42DD821C54C9E900AECFE0 /* AppDelegate.swift */,
				6E42DD841C54C9E900AECFE0 /* ViewController.swift */,
				6E42DD861C54C9E900AECFE0 /* Main.storyboard */,
				6E42DD891C54C9E900AECFE0 /* Assets.xcassets */,
				6E42DD8B1C54C9E900AECFE0 /* LaunchScreen.storyboard */,
				6E42DD8E1C54C9E900AECFE0 /* Info.plist */,
				6E42DD981C54F51400AECFE0 /* StringToColor.swift */,
				6E42DD9A1C54F6BB00AECFE0 /* ColorTableViewController.swift */,
			);
			path = ColorClock;
			sourceTree = "<group>";
		};
/* End PBXGroup section */

/* Begin PBXNativeTarget section */
		6E42DD7E1C54C9E900AECFE0 /* ColorClock */ = {
			isa = PBXNativeTarget;
			buildConfigurationList = 6E42DD911C54C9E900AECFE0 /* Build configuration list for PBXNativeTarget "ColorClock" */;
			buildPhases = (
				6E42DD7B1C54C9E900AECFE0 /* Sources */,
				6E42DD7C1C54C9E900AECFE0 /* Frameworks */,
				6E42DD7D1C54C9E900AECFE0 /* Resources */,
			);
			buildRules = (
			);
			dependencies = (
			);
			name = ColorClock;
			productName = ColorClock;
			productReference = 6E42DD7F1C54C9E900AECFE0 /* ColorClock.app */;
			productType = "com.apple.product-type.application";
		};
/* End PBXNativeTarget section */

/* Begin PBXProject section */
		6E42DD771C54C9E900AECFE0 /* Project object */ = {
			isa = PBXProject;
			attributes = {
				LastSwiftUpdateCheck = 0720;
				LastUpgradeCheck = 0720;
				ORGANIZATIONNAME = "James Risberg";
				TargetAttributes = {
					6E42DD7E1C54C9E900AECFE0 = {
						CreatedOnToolsVersion = 7.2;
					};
				};
			};
			buildConfigurationList = 6E42DD7A1C54C9E900AECFE0 /* Build configuration list for PBXProject "ColorClock" */;
			compatibilityVersion = "Xcode 3.2";
			developmentRegion = English;
			hasScannedForEncodings = 0;
			knownRegions = (
				en,
				Base,
			);
			mainGroup = 6E42DD761C54C9E900AECFE0;
			productRefGroup = 6E42DD801C54C9E900AECFE0 /* Products */;
			projectDirPath = "";
			projectRoot = "";
			targets = (
				6E42DD7E1C54C9E900AECFE0 /* ColorClock */,
			);
		};
/* End PBXProject section */

/* Begin PBXResourcesBuildPhase section */
		6E42DD7D1C54C9E900AECFE0 /* Resources */ = {
			isa = PBXResourcesBuildPhase;
			buildActionMask = 2147483647;
			files = (
				6E42DD8D1C54C9E900AECFE0 /* LaunchScreen.storyboard in Resources */,
				6E42DD8A1C54C9E900AECFE0 /* Assets.xcassets in Resources */,
				6E42DD881C54C9E900AECFE0 /* Main.storyboard in Resources */,
			);
			runOnlyForDeploymentPostprocessing = 0;
		};
/* End PBXResourcesBuildPhase section */

/* Begin PBXSourcesBuildPhase section */
		6E42DD7B1C54C9E900AECFE0 /* Sources */ = {
			isa = PBXSourcesBuildPhase;
			buildActionMask = 2147483647;
			files = (
				6E42DD851C54C9E900AECFE0 /* ViewController.swift in Sources */,
				6E42DD831C54C9E900AECFE0 /* AppDelegate.swift in Sources */,
				6E42DD971C54F1BD00AECFE0 /* ColorCell.swift in Sources */,
				6E42DD9B1C54F6BB00AECFE0 /* ColorTableViewController.swift in Sources */,
				6E42DD991C54F51400AECFE0 /* StringToColor.swift in Sources */,
			);
			runOnlyForDeploymentPostprocessing = 0;
		};
/* End PBXSourcesBuildPhase section */

/* Begin PBXVariantGroup section */
		6E42DD861C54C9E900AECFE0 /* Main.storyboard */ = {
			isa = PBXVariantGroup;
			children = (
				6E42DD871C54C9E900AECFE0 /* Base */,
			);
			name = Main.storyboard;
			sourceTree = "<group>";
		};
		6E42DD8B1C54C9E900AECFE0 /* LaunchScreen.storyboard */ = {
			isa = PBXVariantGroup;
			children = (
				6E42DD8C1C54C9E900AECFE0 /* Base */,
			);
			name = LaunchScreen.storyboard;
			sourceTree = "<group>";
		};
/* End PBXVariantGroup section */

/* Begin XCBuildConfiguration section */
		6E42DD8F1C54C9E900AECFE0 /* Debug */ = {
			isa = XCBuildConfiguration;
			buildSettings = {
				ALWAYS_SEARCH_USER_PATHS = NO;
				CLANG_CXX_LANGUAGE_STANDARD = "gnu++0x";
				CLANG_CXX_LIBRARY = "libc++";
				CLANG_ENABLE_MODULES = YES;
				CLANG_ENABLE_OBJC_ARC = YES;
				CLANG_WARN_BOOL_CONVERSION = YES;
				CLANG_WARN_CONSTANT_CONVERSION = YES;
				CLANG_WARN_DIRECT_OBJC_ISA_USAGE = YES_ERROR;
				CLANG_WARN_EMPTY_BODY = YES;
				CLANG_WARN_ENUM_CONVERSION = YES;
				CLANG_WARN_INT_CONVERSION = YES;
				CLANG_WARN_OBJC_ROOT_CLASS = YES_ERROR;
				CLANG_WARN_UNREACHABLE_CODE = YES;
				CLANG_WARN__DUPLICATE_METHOD_MATCH = YES;
				"CODE_SIGN_IDENTITY[sdk=iphoneos*]" = "iPhone Developer";
				COPY_PHASE_STRIP = NO;
				DEBUG_INFORMATION_FORMAT = dwarf;
				ENABLE_STRICT_OBJC_MSGSEND = YES;
				ENABLE_TESTABILITY = YES;
				GCC_C_LANGUAGE_STANDARD = gnu99;
				GCC_DYNAMIC_NO_PIC = NO;
				GCC_NO_COMMON_BLOCKS = YES;
				GCC_OPTIMIZATION_LEVEL = 0;
				GCC_PREPROCESSOR_DEFINITIONS = (
					"DEBUG=1",
					"$(inherited)",
				);
				GCC_WARN_64_TO_32_BIT_CONVERSION = YES;
				GCC_WARN_ABOUT_RETURN_TYPE = YES_ERROR;
				GCC_WARN_UNDECLARED_SELECTOR = YES;
				GCC_WARN_UNINITIALIZED_AUTOS = YES_AGGRESSIVE;
				GCC_WARN_UNUSED_FUNCTION = YES;
				GCC_WARN_UNUSED_VARIABLE = YES;
				IPHONEOS_DEPLOYMENT_TARGET = 9.2;
				MTL_ENABLE_DEBUG_INFO = YES;
				ONLY_ACTIVE_ARCH = YES;
				SDKROOT = iphoneos;
				SWIFT_OPTIMIZATION_LEVEL = "-Onone";
			};
			name = Debug;
		};
		6E42DD901C54C9E900AECFE0 /* Release */ = {
			isa = XCBuildConfiguration;
			buildSettings = {
				ALWAYS_SEARCH_USER_PATHS = NO;
				CLANG_CXX_LANGUAGE_STANDARD = "gnu++0x";
				CLANG_CXX_LIBRARY = "libc++";
				CLANG_ENABLE_MODULES = YES;
				CLANG_ENABLE_OBJC_ARC = YES;
				CLANG_WARN_BOOL_CONVERSION = YES;
				CLANG_WARN_CONSTANT_CONVERSION = YES;
				CLANG_WARN_DIRECT_OBJC_ISA_USAGE = YES_ERROR;
				CLANG_WARN_EMPTY_BODY = YES;
				CLANG_WARN_ENUM_CONVERSION = YES;
				CLANG_WARN_INT_CONVERSION = YES;
				CLANG_WARN_OBJC_ROOT_CLASS = YES_ERROR;
				CLANG_WARN_UNREACHABLE_CODE = YES;
				CLANG_WARN__DUPLICATE_METHOD_MATCH = YES;
				"CODE_SIGN_IDENTITY[sdk=iphoneos*]" = "iPhone Developer";
				COPY_PHASE_STRIP = NO;
				DEBUG_INFORMATION_FORMAT = "dwarf-with-dsym";
				ENABLE_NS_ASSERTIONS = NO;
				ENABLE_STRICT_OBJC_MSGSEND = YES;
				GCC_C_LANGUAGE_STANDARD = gnu99;
				GCC_NO_COMMON_BLOCKS = YES;
				GCC_WARN_64_TO_32_BIT_CONVERSION = YES;
				GCC_WARN_ABOUT_RETURN_TYPE = YES_ERROR;
				GCC_WARN_UNDECLARED_SELECTOR = YES;
				GCC_WARN_UNINITIALIZED_AUTOS = YES_AGGRESSIVE;
				GCC_WARN_UNUSED_FUNCTION = YES;
				GCC_WARN_UNUSED_VARIABLE = YES;
				IPHONEOS_DEPLOYMENT_TARGET = 9.2;
				MTL_ENABLE_DEBUG_INFO = NO;
				SDKROOT = iphoneos;
				VALIDATE_PRODUCT = YES;
			};
			name = Release;
		};
		6E42DD921C54C9E900AECFE0 /* Debug */ = {
			isa = XCBuildConfiguration;
			buildSettings = {
				ASSETCATALOG_COMPILER_APPICON_NAME = AppIcon;
				INFOPLIST_FILE = ColorClock/Info.plist;
				LD_RUNPATH_SEARCH_PATHS = "$(inherited) @executable_path/Frameworks";
				PRODUCT_BUNDLE_IDENTIFIER = JER.ColorClock;
				PRODUCT_NAME = "$(TARGET_NAME)";
			};
			name = Debug;
		};
		6E42DD931C54C9E900AECFE0 /* Release */ = {
			isa = XCBuildConfiguration;
			buildSettings = {
				ASSETCATALOG_COMPILER_APPICON_NAME = AppIcon;
				INFOPLIST_FILE = ColorClock/Info.plist;
				LD_RUNPATH_SEARCH_PATHS = "$(inherited) @executable_path/Frameworks";
				PRODUCT_BUNDLE_IDENTIFIER = JER.ColorClock;
				PRODUCT_NAME = "$(TARGET_NAME)";
			};
			name = Release;
		};
/* End XCBuildConfiguration section */

/* Begin XCConfigurationList section */
		6E42DD7A1C54C9E900AECFE0 /* Build configuration list for PBXProject "ColorClock" */ = {
			isa = XCConfigurationList;
			buildConfigurations = (
				6E42DD8F1C54C9E900AECFE0 /* Debug */,
				6E42DD901C54C9E900AECFE0 /* Release */,
			);
			defaultConfigurationIsVisible = 0;
			defaultConfigurationName = Release;
		};
		6E42DD911C54C9E900AECFE0 /* Build configuration list for PBXNativeTarget "ColorClock" */ = {
			isa = XCConfigurationList;
			buildConfigurations = (
				6E42DD921C54C9E900AECFE0 /* Debug */,
				6E42DD931C54C9E900AECFE0 /* Release */,
			);
			defaultConfigurationIsVisible = 0;
			defaultConfigurationName = Release;
		};
/* End XCConfigurationList section */
	};
	rootObject = 6E42DD771C54C9E900AECFE0 /* Project object */;
}
